
Microsoft Visual Studio Solution File, Format Version 12.00
# Visual Studio Version 17
VisualStudioVersion = 17.5.33530.505
MinimumVisualStudioVersion = 10.0.40219.1
Project("{FAE04EC0-301F-11D3-BF4B-00C04F79EFBC}") = "Supermarket-mvp", "Supermarket-mvp.csproj", "{97FFC6C1-FC0B-4372-B710-421D53C3E551}"
EndProject
Global
	GlobalSection(SolutionConfigurationPlatforms) = preSolution
		Debug|Any CPU = Debug|Any CPU
		Release|Any CPU = Release|Any CPU
	EndGlobalSection
	GlobalSection(ProjectConfigurationPlatforms) = postSolution
		{97FFC6C1-FC0B-4372-B710-421D53C3E551}.Debug|Any CPU.ActiveCfg = Debug|Any CPU
		{97FFC6C1-FC0B-4372-B710-421D53C3E551}.Debug|Any CPU.Build.0 = Debug|Any CPU
		{97FFC6C1-FC0B-4372-B710-421D53C3E551}.Release|Any CPU.ActiveCfg = Release|Any CPU
		{97FFC6C1-FC0B-4372-B710-421D53C3E551}.Release|Any CPU.Build.0 = Release|Any CPU
	EndGlobalSection
	GlobalSection(SolutionProperties) = preSolution
		HideSolutionNode = FALSE
	EndGlobalSection
	GlobalSection(ExtensibilityGlobals) = postSolution
		SolutionGuid = {25207EB6-75D6-4422-BADD-463074191322}
	EndGlobalSection
EndGlobal
